PODS:
  - Flutter (1.0.0)
  - integration_test (0.0.1):
    - Flutter
  - pay_ios (0.0.1):
    - Flutter

DEPENDENCIES:
  - Flutter (from `Flutter`)
  - integration_test (from `.symlinks/plugins/integration_test/ios`)
  - pay_ios (from `.symlinks/plugins/pay_ios/ios`)

EXTERNAL SOURCES:
  Flutter:
    :path: Flutter
  integration_test:
    :path: ".symlinks/plugins/integration_test/ios"
  pay_ios:
    :path: ".symlinks/plugins/pay_ios/ios"

SPEC CHECKSUMS:
  Flutter: e0871f40cf51350855a761d2e70bf5af5b9b5de7
  integration_test: ce0a3ffa1de96d1a89ca0ac26fca7ea18a749ef4
  pay_ios: 8c7beb9c61d885f3f51b61f75f8793023fc8843a

PODFILE CHECKSUM: c4c93c5f6502fe2754f48404d3594bf779584011

COCOAPODS: 1.11.3
