PODS:
  - Flutter (1.0.0)
  - integration_test (0.0.1):
    - Flutter
  - pay_mobile (0.0.1):
    - Flutter

DEPENDENCIES:
  - Flutter (from `Flutter`)
  - integration_test (from `.symlinks/plugins/integration_test/ios`)
  - pay_mobile (from `.symlinks/plugins/pay_mobile/ios`)

EXTERNAL SOURCES:
  Flutter:
    :path: Flutter
  integration_test:
    :path: ".symlinks/plugins/integration_test/ios"
  pay_mobile:
    :path: ".symlinks/plugins/pay_mobile/ios"

SPEC CHECKSUMS:
  Flutter: 434fef37c0980e73bb6479ef766c45957d4b510c
  integration_test: 5ed24a436eb7ec17b6a13046e9bf7ca4a404e59e
  pay_mobile: 65e012a098e099f3b655589ac289cd9be57f7803

PODFILE CHECKSUM: fc81e398f362bae88bdf55239bd5cf842faad39f

COCOAPODS: 1.10.1
